
Microsoft Visual Studio Solution File, Format Version 12.00
# Visual Studio Version 16
VisualStudioVersion = 16.0.29215.179
MinimumVisualStudioVersion = 10.0.40219.1
Project("{2150E333-8FDC-42A3-9474-1A3956D46DE8}") = "example", "example", "{6EA7BCD7-1CEF-4173-BCA8-D8B7B09EC376}"
EndProject
Project("{2150E333-8FDC-42A3-9474-1A3956D46DE8}") = "HelloWorld", "HelloWorld", "{EA12556B-8417-4107-BF82-7521003E18B9}"
EndProject
Project("{8BC9CEB8-8B4A-11D0-8D11-00A0C91BC942}") = "HelloHost", "example\HelloWorld\HelloHost\HelloHost.vcxproj", "{F2715250-86AB-4482-A464-D317EDCE8F09}"
EndProject
Project("{FAE04EC0-301F-11D3-BF4B-00C04F79EFBC}") = "Hello", "example\HelloWorld\Hello\Hello.csproj", "{AE6A1D34-8B17-44FD-BC7A-77DA43B6E8A6}"
EndProject
Project("{8BC9CEB8-8B4A-11D0-8D11-00A0C91BC942}") = "Test", "test\Test\Test.vcxproj", "{2259A924-2B40-4B7D-AFA1-322C9C7C5A71}"
EndProject
Project("{2150E333-8FDC-42A3-9474-1A3956D46DE8}") = "test", "test", "{539E3AD8-F6D9-4C1B-9032-199F062CB800}"
EndProject
Project("{FAE04EC0-301F-11D3-BF4B-00C04F79EFBC}") = "TestLib", "test\TestLib\TestLib.csproj", "{5CE193C1-D9CB-4C6C-A079-E5F079E4E68E}"
EndProject
Project("{2150E333-8FDC-42A3-9474-1A3956D46DE8}") = "HttpServer", "HttpServer", "{0588E657-29A1-43F8-B62A-56896E4CC47B}"
EndProject
Project("{FAE04EC0-301F-11D3-BF4B-00C04F79EFBC}") = "ServerLib", "example\HttpServer\ServerLib\ServerLib.csproj", "{E8B4A8FB-3560-475A-934F-C69508202D30}"
EndProject
Project("{8BC9CEB8-8B4A-11D0-8D11-00A0C91BC942}") = "ServerHost", "example\HttpServer\ServerHost\ServerHost.vcxproj", "{ED6D3334-7169-421F-8D60-5A6ADC32DD8E}"
EndProject
Global
	GlobalSection(SolutionConfigurationPlatforms) = preSolution
		Debug|Any CPU = Debug|Any CPU
		Debug|x64 = Debug|x64
		Debug|x86 = Debug|x86
		Release|Any CPU = Release|Any CPU
		Release|x64 = Release|x64
		Release|x86 = Release|x86
	EndGlobalSection
	GlobalSection(ProjectConfigurationPlatforms) = postSolution
		{F2715250-86AB-4482-A464-D317EDCE8F09}.Debug|Any CPU.ActiveCfg = Debug|Win32
		{F2715250-86AB-4482-A464-D317EDCE8F09}.Debug|x64.ActiveCfg = Debug|x64
		{F2715250-86AB-4482-A464-D317EDCE8F09}.Debug|x64.Build.0 = Debug|x64
		{F2715250-86AB-4482-A464-D317EDCE8F09}.Debug|x86.ActiveCfg = Debug|Win32
		{F2715250-86AB-4482-A464-D317EDCE8F09}.Debug|x86.Build.0 = Debug|Win32
		{F2715250-86AB-4482-A464-D317EDCE8F09}.Release|Any CPU.ActiveCfg = Release|Win32
		{F2715250-86AB-4482-A464-D317EDCE8F09}.Release|x64.ActiveCfg = Release|x64
		{F2715250-86AB-4482-A464-D317EDCE8F09}.Release|x64.Build.0 = Release|x64
		{F2715250-86AB-4482-A464-D317EDCE8F09}.Release|x86.ActiveCfg = Release|Win32
		{F2715250-86AB-4482-A464-D317EDCE8F09}.Release|x86.Build.0 = Release|Win32
		{AE6A1D34-8B17-44FD-BC7A-77DA43B6E8A6}.Debug|Any CPU.ActiveCfg = Debug|Any CPU
		{AE6A1D34-8B17-44FD-BC7A-77DA43B6E8A6}.Debug|Any CPU.Build.0 = Debug|Any CPU
		{AE6A1D34-8B17-44FD-BC7A-77DA43B6E8A6}.Debug|x64.ActiveCfg = Debug|x64
		{AE6A1D34-8B17-44FD-BC7A-77DA43B6E8A6}.Debug|x64.Build.0 = Debug|x64
		{AE6A1D34-8B17-44FD-BC7A-77DA43B6E8A6}.Debug|x86.ActiveCfg = Debug|x86
		{AE6A1D34-8B17-44FD-BC7A-77DA43B6E8A6}.Debug|x86.Build.0 = Debug|x86
		{AE6A1D34-8B17-44FD-BC7A-77DA43B6E8A6}.Release|Any CPU.ActiveCfg = Release|Any CPU
		{AE6A1D34-8B17-44FD-BC7A-77DA43B6E8A6}.Release|Any CPU.Build.0 = Release|Any CPU
		{AE6A1D34-8B17-44FD-BC7A-77DA43B6E8A6}.Release|x64.ActiveCfg = Release|x64
		{AE6A1D34-8B17-44FD-BC7A-77DA43B6E8A6}.Release|x64.Build.0 = Release|x64
		{AE6A1D34-8B17-44FD-BC7A-77DA43B6E8A6}.Release|x86.ActiveCfg = Release|x86
		{AE6A1D34-8B17-44FD-BC7A-77DA43B6E8A6}.Release|x86.Build.0 = Release|x86
		{2259A924-2B40-4B7D-AFA1-322C9C7C5A71}.Debug|Any CPU.ActiveCfg = Debug|Win32
		{2259A924-2B40-4B7D-AFA1-322C9C7C5A71}.Debug|x64.ActiveCfg = Debug|x64
		{2259A924-2B40-4B7D-AFA1-322C9C7C5A71}.Debug|x64.Build.0 = Debug|x64
		{2259A924-2B40-4B7D-AFA1-322C9C7C5A71}.Debug|x86.ActiveCfg = Debug|Win32
		{2259A924-2B40-4B7D-AFA1-322C9C7C5A71}.Debug|x86.Build.0 = Debug|Win32
		{2259A924-2B40-4B7D-AFA1-322C9C7C5A71}.Release|Any CPU.ActiveCfg = Release|Win32
		{2259A924-2B40-4B7D-AFA1-322C9C7C5A71}.Release|x64.ActiveCfg = Release|x64
		{2259A924-2B40-4B7D-AFA1-322C9C7C5A71}.Release|x64.Build.0 = Release|x64
		{2259A924-2B40-4B7D-AFA1-322C9C7C5A71}.Release|x86.ActiveCfg = Release|Win32
		{2259A924-2B40-4B7D-AFA1-322C9C7C5A71}.Release|x86.Build.0 = Release|Win32
		{5CE193C1-D9CB-4C6C-A079-E5F079E4E68E}.Debug|Any CPU.ActiveCfg = Debug|Any CPU
		{5CE193C1-D9CB-4C6C-A079-E5F079E4E68E}.Debug|Any CPU.Build.0 = Debug|Any CPU
		{5CE193C1-D9CB-4C6C-A079-E5F079E4E68E}.Debug|x64.ActiveCfg = Debug|x64
		{5CE193C1-D9CB-4C6C-A079-E5F079E4E68E}.Debug|x64.Build.0 = Debug|x64
		{5CE193C1-D9CB-4C6C-A079-E5F079E4E68E}.Debug|x86.ActiveCfg = Debug|x86
		{5CE193C1-D9CB-4C6C-A079-E5F079E4E68E}.Debug|x86.Build.0 = Debug|x86
		{5CE193C1-D9CB-4C6C-A079-E5F079E4E68E}.Release|Any CPU.ActiveCfg = Release|Any CPU
		{5CE193C1-D9CB-4C6C-A079-E5F079E4E68E}.Release|Any CPU.Build.0 = Release|Any CPU
		{5CE193C1-D9CB-4C6C-A079-E5F079E4E68E}.Release|x64.ActiveCfg = Release|x64
		{5CE193C1-D9CB-4C6C-A079-E5F079E4E68E}.Release|x64.Build.0 = Release|x64
		{5CE193C1-D9CB-4C6C-A079-E5F079E4E68E}.Release|x86.ActiveCfg = Release|x86
		{5CE193C1-D9CB-4C6C-A079-E5F079E4E68E}.Release|x86.Build.0 = Release|x86
		{E8B4A8FB-3560-475A-934F-C69508202D30}.Debug|Any CPU.ActiveCfg = Debug|Any CPU
		{E8B4A8FB-3560-475A-934F-C69508202D30}.Debug|Any CPU.Build.0 = Debug|Any CPU
		{E8B4A8FB-3560-475A-934F-C69508202D30}.Debug|x64.ActiveCfg = Debug|x64
		{E8B4A8FB-3560-475A-934F-C69508202D30}.Debug|x64.Build.0 = Debug|x64
		{E8B4A8FB-3560-475A-934F-C69508202D30}.Debug|x86.ActiveCfg = Debug|x86
		{E8B4A8FB-3560-475A-934F-C69508202D30}.Debug|x86.Build.0 = Debug|x86
		{E8B4A8FB-3560-475A-934F-C69508202D30}.Release|Any CPU.ActiveCfg = Release|Any CPU
		{E8B4A8FB-3560-475A-934F-C69508202D30}.Release|Any CPU.Build.0 = Release|Any CPU
		{E8B4A8FB-3560-475A-934F-C69508202D30}.Release|x64.ActiveCfg = Release|x64
		{E8B4A8FB-3560-475A-934F-C69508202D30}.Release|x64.Build.0 = Release|x64
		{E8B4A8FB-3560-475A-934F-C69508202D30}.Release|x86.ActiveCfg = Release|x86
		{E8B4A8FB-3560-475A-934F-C69508202D30}.Release|x86.Build.0 = Release|x86
		{ED6D3334-7169-421F-8D60-5A6ADC32DD8E}.Debug|Any CPU.ActiveCfg = Debug|Win32
		{ED6D3334-7169-421F-8D60-5A6ADC32DD8E}.Debug|x64.ActiveCfg = Debug|x64
		{ED6D3334-7169-421F-8D60-5A6ADC32DD8E}.Debug|x64.Build.0 = Debug|x64
		{ED6D3334-7169-421F-8D60-5A6ADC32DD8E}.Debug|x86.ActiveCfg = Debug|Win32
		{ED6D3334-7169-421F-8D60-5A6ADC32DD8E}.Debug|x86.Build.0 = Debug|Win32
		{ED6D3334-7169-421F-8D60-5A6ADC32DD8E}.Release|Any CPU.ActiveCfg = Release|Win32
		{ED6D3334-7169-421F-8D60-5A6ADC32DD8E}.Release|x64.ActiveCfg = Release|x64
		{ED6D3334-7169-421F-8D60-5A6ADC32DD8E}.Release|x64.Build.0 = Release|x64
		{ED6D3334-7169-421F-8D60-5A6ADC32DD8E}.Release|x86.ActiveCfg = Release|Win32
		{ED6D3334-7169-421F-8D60-5A6ADC32DD8E}.Release|x86.Build.0 = Release|Win32
	EndGlobalSection
	GlobalSection(SolutionProperties) = preSolution
		HideSolutionNode = FALSE
	EndGlobalSection
	GlobalSection(NestedProjects) = preSolution
		{EA12556B-8417-4107-BF82-7521003E18B9} = {6EA7BCD7-1CEF-4173-BCA8-D8B7B09EC376}
		{F2715250-86AB-4482-A464-D317EDCE8F09} = {EA12556B-8417-4107-BF82-7521003E18B9}
		{AE6A1D34-8B17-44FD-BC7A-77DA43B6E8A6} = {EA12556B-8417-4107-BF82-7521003E18B9}
		{2259A924-2B40-4B7D-AFA1-322C9C7C5A71} = {539E3AD8-F6D9-4C1B-9032-199F062CB800}
		{5CE193C1-D9CB-4C6C-A079-E5F079E4E68E} = {539E3AD8-F6D9-4C1B-9032-199F062CB800}
		{0588E657-29A1-43F8-B62A-56896E4CC47B} = {6EA7BCD7-1CEF-4173-BCA8-D8B7B09EC376}
		{E8B4A8FB-3560-475A-934F-C69508202D30} = {0588E657-29A1-43F8-B62A-56896E4CC47B}
		{ED6D3334-7169-421F-8D60-5A6ADC32DD8E} = {0588E657-29A1-43F8-B62A-56896E4CC47B}
	EndGlobalSection
	GlobalSection(ExtensibilityGlobals) = postSolution
		SolutionGuid = {CE5703AC-193B-4E07-9C3F-BA7547F80204}
	EndGlobalSection
EndGlobal
